Microsoft Visual Studio Solution File, Format Version 12.00
# Visual Studio Version 17
VisualStudioVersion = 17.14.36414.22
MinimumVisualStudioVersion = 16.0.0.0
Project("{9A19103F-16F7-4668-BE54-9A1E7A4F7556}") = "ConsultaPto.Server", "Server\ConsultaPto.Server.csproj", "{D5D96BF2-5E49-4EF7-A8CB-4F0F77C9A3EA}"
EndProject
Project("{9A19103F-16F7-4668-BE54-9A1E7A4F7556}") = "ConsultaPto.Client", "Client\ConsultaPto.Client.csproj", "{0550E14B-A540-41E8-8E8D-5E6C7C8B50D7}"
EndProject
Project("{9A19103F-16F7-4668-BE54-9A1E7A4F7556}") = "ConsultaPto.Shared", "Shared\ConsultaPto.Shared.csproj", "{89AC0068-0989-4904-A514-77CD151B5A3D}"
EndProject
Global
	GlobalSection(SolutionConfigurationPlatforms) = preSolution
		Debug|Any CPU = Debug|Any CPU
		Debug|x64 = Debug|x64
		Debug|x86 = Debug|x86
		Release|Any CPU = Release|Any CPU
		Release|x64 = Release|x64
		Release|x86 = Release|x86
	EndGlobalSection
	GlobalSection(ProjectConfigurationPlatforms) = postSolution
		{D5D96BF2-5E49-4EF7-A8CB-4F0F77C9A3EA}.Debug|Any CPU.ActiveCfg = Debug|Any CPU
		{D5D96BF2-5E49-4EF7-A8CB-4F0F77C9A3EA}.Debug|Any CPU.Build.0 = Debug|Any CPU
		{D5D96BF2-5E49-4EF7-A8CB-4F0F77C9A3EA}.Debug|x64.ActiveCfg = Debug|Any CPU
		{D5D96BF2-5E49-4EF7-A8CB-4F0F77C9A3EA}.Debug|x64.Build.0 = Debug|Any CPU
		{D5D96BF2-5E49-4EF7-A8CB-4F0F77C9A3EA}.Debug|x86.ActiveCfg = Debug|Any CPU
		{D5D96BF2-5E49-4EF7-A8CB-4F0F77C9A3EA}.Debug|x86.Build.0 = Debug|Any CPU
		{D5D96BF2-5E49-4EF7-A8CB-4F0F77C9A3EA}.Release|Any CPU.ActiveCfg = Release|Any CPU
		{D5D96BF2-5E49-4EF7-A8CB-4F0F77C9A3EA}.Release|Any CPU.Build.0 = Release|Any CPU
		{D5D96BF2-5E49-4EF7-A8CB-4F0F77C9A3EA}.Release|x64.ActiveCfg = Release|Any CPU
		{D5D96BF2-5E49-4EF7-A8CB-4F0F77C9A3EA}.Release|x64.Build.0 = Release|Any CPU
		{D5D96BF2-5E49-4EF7-A8CB-4F0F77C9A3EA}.Release|x86.ActiveCfg = Release|Any CPU
		{D5D96BF2-5E49-4EF7-A8CB-4F0F77C9A3EA}.Release|x86.Build.0 = Release|Any CPU
		{0550E14B-A540-41E8-8E8D-5E6C7C8B50D7}.Debug|Any CPU.ActiveCfg = Debug|Any CPU
		{0550E14B-A540-41E8-8E8D-5E6C7C8B50D7}.Debug|Any CPU.Build.0 = Debug|Any CPU
		{0550E14B-A540-41E8-8E8D-5E6C7C8B50D7}.Debug|x64.ActiveCfg = Debug|Any CPU
		{0550E14B-A540-41E8-8E8D-5E6C7C8B50D7}.Debug|x64.Build.0 = Debug|Any CPU
		{0550E14B-A540-41E8-8E8D-5E6C7C8B50D7}.Debug|x86.ActiveCfg = Debug|Any CPU
		{0550E14B-A540-41E8-8E8D-5E6C7C8B50D7}.Debug|x86.Build.0 = Debug|Any CPU
		{0550E14B-A540-41E8-8E8D-5E6C7C8B50D7}.Release|Any CPU.ActiveCfg = Release|Any CPU
		{0550E14B-A540-41E8-8E8D-5E6C7C8B50D7}.Release|Any CPU.Build.0 = Release|Any CPU
		{0550E14B-A540-41E8-8E8D-5E6C7C8B50D7}.Release|x64.ActiveCfg = Release|Any CPU
		{0550E14B-A540-41E8-8E8D-5E6C7C8B50D7}.Release|x64.Build.0 = Release|Any CPU
		{0550E14B-A540-41E8-8E8D-5E6C7C8B50D7}.Release|x86.ActiveCfg = Release|Any CPU
		{0550E14B-A540-41E8-8E8D-5E6C7C8B50D7}.Release|x86.Build.0 = Release|Any CPU
		{89AC0068-0989-4904-A514-77CD151B5A3D}.Debug|Any CPU.ActiveCfg = Debug|Any CPU
		{89AC0068-0989-4904-A514-77CD151B5A3D}.Debug|Any CPU.Build.0 = Debug|Any CPU
		{89AC0068-0989-4904-A514-77CD151B5A3D}.Debug|x64.ActiveCfg = Debug|Any CPU
		{89AC0068-0989-4904-A514-77CD151B5A3D}.Debug|x64.Build.0 = Debug|Any CPU
		{89AC0068-0989-4904-A514-77CD151B5A3D}.Debug|x86.ActiveCfg = Debug|Any CPU
		{89AC0068-0989-4904-A514-77CD151B5A3D}.Debug|x86.Build.0 = Debug|Any CPU
		{89AC0068-0989-4904-A514-77CD151B5A3D}.Release|Any CPU.ActiveCfg = Release|Any CPU
		{89AC0068-0989-4904-A514-77CD151B5A3D}.Release|Any CPU.Build.0 = Release|Any CPU
		{89AC0068-0989-4904-A514-77CD151B5A3D}.Release|x64.ActiveCfg = Release|Any CPU
		{89AC0068-0989-4904-A514-77CD151B5A3D}.Release|x64.Build.0 = Release|Any CPU
		{89AC0068-0989-4904-A514-77CD151B5A3D}.Release|x86.ActiveCfg = Release|Any CPU
		{89AC0068-0989-4904-A514-77CD151B5A3D}.Release|x86.Build.0 = Release|Any CPU
	EndGlobalSection
	GlobalSection(SolutionProperties) = preSolution
		HideSolutionNode = FALSE
	EndGlobalSection
	GlobalSection(ExtensibilityGlobals) = postSolution
		SolutionGuid = {02D093B2-433D-4CE4-8E45-B3F219911EF2}
	EndGlobalSection
EndGlobal
